
Microsoft Visual Studio Solution File, Format Version 12.00
# Visual Studio 14
VisualStudioVersion = 14.0.25123.0
MinimumVisualStudioVersion = 10.0.40219.1
Project("{FAE04EC0-301F-11D3-BF4B-00C04F79EFBC}") = "CMS.Services", "CMS.Services\CMS.Services.csproj", "{AAD6DEFB-F5C0-4DB7-A253-C75CC88C2087}"
EndProject
Project("{FAE04EC0-301F-11D3-BF4B-00C04F79EFBC}") = "CMS.Service.Data", "CMS.Service.Data\CMS.Service.Data.csproj", "{225D28DB-EC73-4529-A777-098371B1165F}"
EndProject
Project("{FAE04EC0-301F-11D3-BF4B-00C04F79EFBC}") = "CMS.Service.UI", "CMS.Service.UI\CMS.Service.UI.csproj", "{95CB8FE9-876E-4FBC-AA5B-C602C124B8C8}"
EndProject
Project("{FAE04EC0-301F-11D3-BF4B-00C04F79EFBC}") = "Web.Front", "..\APP\Web.Front\Web.Front.csproj", "{56AFE631-0A1D-45D4-85BD-BE0C3A1558D9}"
EndProject
Project("{FAE04EC0-301F-11D3-BF4B-00C04F79EFBC}") = "Web.CMS", "..\APP\Web.CMS\Web.CMS.csproj", "{C925F5F4-4088-42EE-B118-A58E173DA43B}"
	ProjectSection(ProjectDependencies) = postProject
		{F90CA85C-5FFE-4905-A439-B0A4E0E92A9C} = {F90CA85C-5FFE-4905-A439-B0A4E0E92A9C}
		{4893B0A5-52EF-46AF-8E5B-EB951585092E} = {4893B0A5-52EF-46AF-8E5B-EB951585092E}
		{225D28DB-EC73-4529-A777-098371B1165F} = {225D28DB-EC73-4529-A777-098371B1165F}
		{0055F6DB-BAB4-40A6-B119-670E0E4B5937} = {0055F6DB-BAB4-40A6-B119-670E0E4B5937}
		{95CB8FE9-876E-4FBC-AA5B-C602C124B8C8} = {95CB8FE9-876E-4FBC-AA5B-C602C124B8C8}
		{AAD6DEFB-F5C0-4DB7-A253-C75CC88C2087} = {AAD6DEFB-F5C0-4DB7-A253-C75CC88C2087}
	EndProjectSection
EndProject
Project("{FAE04EC0-301F-11D3-BF4B-00C04F79EFBC}") = "Web.API", "..\APP\Web.API\Web.API.csproj", "{C0310A11-DDB8-4A27-B525-73137BBD75F9}"
EndProject
Project("{FAE04EC0-301F-11D3-BF4B-00C04F79EFBC}") = "CMS.Business", "CMS.Business\CMS.Business.csproj", "{4893B0A5-52EF-46AF-8E5B-EB951585092E}"
	ProjectSection(ProjectDependencies) = postProject
		{F90CA85C-5FFE-4905-A439-B0A4E0E92A9C} = {F90CA85C-5FFE-4905-A439-B0A4E0E92A9C}
		{225D28DB-EC73-4529-A777-098371B1165F} = {225D28DB-EC73-4529-A777-098371B1165F}
		{95CB8FE9-876E-4FBC-AA5B-C602C124B8C8} = {95CB8FE9-876E-4FBC-AA5B-C602C124B8C8}
		{AAD6DEFB-F5C0-4DB7-A253-C75CC88C2087} = {AAD6DEFB-F5C0-4DB7-A253-C75CC88C2087}
	EndProjectSection
EndProject
Project("{FAE04EC0-301F-11D3-BF4B-00C04F79EFBC}") = "CMS.Model", "CMS.Model\CMS.Model.csproj", "{0055F6DB-BAB4-40A6-B119-670E0E4B5937}"
	ProjectSection(ProjectDependencies) = postProject
		{F90CA85C-5FFE-4905-A439-B0A4E0E92A9C} = {F90CA85C-5FFE-4905-A439-B0A4E0E92A9C}
	EndProjectSection
EndProject
Project("{FAE04EC0-301F-11D3-BF4B-00C04F79EFBC}") = "CMS.Common", "CMS.Common\CMS.Common.csproj", "{F90CA85C-5FFE-4905-A439-B0A4E0E92A9C}"
EndProject
Project("{FAE04EC0-301F-11D3-BF4B-00C04F79EFBC}") = "Web.Test", "..\APP\Web.Test\Web.Test.csproj", "{D2934113-94B0-4E6B-B047-CFDDC1B3FC53}"
	ProjectSection(ProjectDependencies) = postProject
		{F90CA85C-5FFE-4905-A439-B0A4E0E92A9C} = {F90CA85C-5FFE-4905-A439-B0A4E0E92A9C}
		{4893B0A5-52EF-46AF-8E5B-EB951585092E} = {4893B0A5-52EF-46AF-8E5B-EB951585092E}
		{225D28DB-EC73-4529-A777-098371B1165F} = {225D28DB-EC73-4529-A777-098371B1165F}
		{0055F6DB-BAB4-40A6-B119-670E0E4B5937} = {0055F6DB-BAB4-40A6-B119-670E0E4B5937}
		{95CB8FE9-876E-4FBC-AA5B-C602C124B8C8} = {95CB8FE9-876E-4FBC-AA5B-C602C124B8C8}
		{AAD6DEFB-F5C0-4DB7-A253-C75CC88C2087} = {AAD6DEFB-F5C0-4DB7-A253-C75CC88C2087}
	EndProjectSection
EndProject
Project("{FAE04EC0-301F-11D3-BF4B-00C04F79EFBC}") = "Web.Business", "Web.Business\Web.Business.csproj", "{E416D783-6C64-436E-BF0D-35D3466685EF}"
EndProject
Global
	GlobalSection(SolutionConfigurationPlatforms) = preSolution
		Debug|Any CPU = Debug|Any CPU
		Release|Any CPU = Release|Any CPU
	EndGlobalSection
	GlobalSection(ProjectConfigurationPlatforms) = postSolution
		{AAD6DEFB-F5C0-4DB7-A253-C75CC88C2087}.Debug|Any CPU.ActiveCfg = Debug|Any CPU
		{AAD6DEFB-F5C0-4DB7-A253-C75CC88C2087}.Debug|Any CPU.Build.0 = Debug|Any CPU
		{AAD6DEFB-F5C0-4DB7-A253-C75CC88C2087}.Release|Any CPU.ActiveCfg = Release|Any CPU
		{AAD6DEFB-F5C0-4DB7-A253-C75CC88C2087}.Release|Any CPU.Build.0 = Release|Any CPU
		{225D28DB-EC73-4529-A777-098371B1165F}.Debug|Any CPU.ActiveCfg = Debug|Any CPU
		{225D28DB-EC73-4529-A777-098371B1165F}.Debug|Any CPU.Build.0 = Debug|Any CPU
		{225D28DB-EC73-4529-A777-098371B1165F}.Release|Any CPU.ActiveCfg = Release|Any CPU
		{225D28DB-EC73-4529-A777-098371B1165F}.Release|Any CPU.Build.0 = Release|Any CPU
		{95CB8FE9-876E-4FBC-AA5B-C602C124B8C8}.Debug|Any CPU.ActiveCfg = Debug|Any CPU
		{95CB8FE9-876E-4FBC-AA5B-C602C124B8C8}.Debug|Any CPU.Build.0 = Debug|Any CPU
		{95CB8FE9-876E-4FBC-AA5B-C602C124B8C8}.Release|Any CPU.ActiveCfg = Release|Any CPU
		{95CB8FE9-876E-4FBC-AA5B-C602C124B8C8}.Release|Any CPU.Build.0 = Release|Any CPU
		{56AFE631-0A1D-45D4-85BD-BE0C3A1558D9}.Debug|Any CPU.ActiveCfg = Debug|Any CPU
		{56AFE631-0A1D-45D4-85BD-BE0C3A1558D9}.Debug|Any CPU.Build.0 = Debug|Any CPU
		{56AFE631-0A1D-45D4-85BD-BE0C3A1558D9}.Release|Any CPU.ActiveCfg = Release|Any CPU
		{56AFE631-0A1D-45D4-85BD-BE0C3A1558D9}.Release|Any CPU.Build.0 = Release|Any CPU
		{C925F5F4-4088-42EE-B118-A58E173DA43B}.Debug|Any CPU.ActiveCfg = Debug|Any CPU
		{C925F5F4-4088-42EE-B118-A58E173DA43B}.Debug|Any CPU.Build.0 = Debug|Any CPU
		{C925F5F4-4088-42EE-B118-A58E173DA43B}.Release|Any CPU.ActiveCfg = Release|Any CPU
		{C925F5F4-4088-42EE-B118-A58E173DA43B}.Release|Any CPU.Build.0 = Release|Any CPU
		{C0310A11-DDB8-4A27-B525-73137BBD75F9}.Debug|Any CPU.ActiveCfg = Debug|Any CPU
		{C0310A11-DDB8-4A27-B525-73137BBD75F9}.Debug|Any CPU.Build.0 = Debug|Any CPU
		{C0310A11-DDB8-4A27-B525-73137BBD75F9}.Release|Any CPU.ActiveCfg = Release|Any CPU
		{C0310A11-DDB8-4A27-B525-73137BBD75F9}.Release|Any CPU.Build.0 = Release|Any CPU
		{4893B0A5-52EF-46AF-8E5B-EB951585092E}.Debug|Any CPU.ActiveCfg = Debug|Any CPU
		{4893B0A5-52EF-46AF-8E5B-EB951585092E}.Debug|Any CPU.Build.0 = Debug|Any CPU
		{4893B0A5-52EF-46AF-8E5B-EB951585092E}.Release|Any CPU.ActiveCfg = Release|Any CPU
		{4893B0A5-52EF-46AF-8E5B-EB951585092E}.Release|Any CPU.Build.0 = Release|Any CPU
		{0055F6DB-BAB4-40A6-B119-670E0E4B5937}.Debug|Any CPU.ActiveCfg = Debug|Any CPU
		{0055F6DB-BAB4-40A6-B119-670E0E4B5937}.Debug|Any CPU.Build.0 = Debug|Any CPU
		{0055F6DB-BAB4-40A6-B119-670E0E4B5937}.Release|Any CPU.ActiveCfg = Release|Any CPU
		{0055F6DB-BAB4-40A6-B119-670E0E4B5937}.Release|Any CPU.Build.0 = Release|Any CPU
		{F90CA85C-5FFE-4905-A439-B0A4E0E92A9C}.Debug|Any CPU.ActiveCfg = Debug|Any CPU
		{F90CA85C-5FFE-4905-A439-B0A4E0E92A9C}.Debug|Any CPU.Build.0 = Debug|Any CPU
		{F90CA85C-5FFE-4905-A439-B0A4E0E92A9C}.Release|Any CPU.ActiveCfg = Release|Any CPU
		{F90CA85C-5FFE-4905-A439-B0A4E0E92A9C}.Release|Any CPU.Build.0 = Release|Any CPU
		{D2934113-94B0-4E6B-B047-CFDDC1B3FC53}.Debug|Any CPU.ActiveCfg = Debug|Any CPU
		{D2934113-94B0-4E6B-B047-CFDDC1B3FC53}.Debug|Any CPU.Build.0 = Debug|Any CPU
		{D2934113-94B0-4E6B-B047-CFDDC1B3FC53}.Release|Any CPU.ActiveCfg = Release|Any CPU
		{D2934113-94B0-4E6B-B047-CFDDC1B3FC53}.Release|Any CPU.Build.0 = Release|Any CPU
		{E416D783-6C64-436E-BF0D-35D3466685EF}.Debug|Any CPU.ActiveCfg = Debug|Any CPU
		{E416D783-6C64-436E-BF0D-35D3466685EF}.Debug|Any CPU.Build.0 = Debug|Any CPU
		{E416D783-6C64-436E-BF0D-35D3466685EF}.Release|Any CPU.ActiveCfg = Release|Any CPU
		{E416D783-6C64-436E-BF0D-35D3466685EF}.Release|Any CPU.Build.0 = Release|Any CPU
	EndGlobalSection
	GlobalSection(SolutionProperties) = preSolution
		HideSolutionNode = FALSE
	EndGlobalSection
EndGlobal
